// !$*UTF8*$!
{
	archiveVersion = 1;
	classes = {
	};
	objectVersion = 50;
	objects = {

/* Begin PBXBuildFile section */
		07554A194E749701FD9ACDE0 /* Pods_weather_mApp2.framework in Frameworks */ = {isa = PBXBuildFile; fileRef = CED0D81448C8EDA831C6AAD9 /* Pods_weather_mApp2.framework */; };
		64902BF92493A99400EA7A0D /* AppDelegate.swift in Sources */ = {isa = PBXBuildFile; fileRef = 64902BF82493A99400EA7A0D /* AppDelegate.swift */; };
		64902BFB2493A99400EA7A0D /* SceneDelegate.swift in Sources */ = {isa = PBXBuildFile; fileRef = 64902BFA2493A99400EA7A0D /* SceneDelegate.swift */; };
		64902BFD2493A99400EA7A0D /* ViewController.swift in Sources */ = {isa = PBXBuildFile; fileRef = 64902BFC2493A99400EA7A0D /* ViewController.swift */; };
		64902C002493A99400EA7A0D /* Main.storyboard in Resources */ = {isa = PBXBuildFile; fileRef = 64902BFE2493A99400EA7A0D /* Main.storyboard */; };
		64902C022493A99600EA7A0D /* Assets.xcassets in Resources */ = {isa = PBXBuildFile; fileRef = 64902C012493A99600EA7A0D /* Assets.xcassets */; };
		64902C052493A99600EA7A0D /* LaunchScreen.storyboard in Resources */ = {isa = PBXBuildFile; fileRef = 64902C032493A99600EA7A0D /* LaunchScreen.storyboard */; };
/* End PBXBuildFile section */

/* Begin PBXFileReference section */
		16457A8325DA205468770D88 /* Pods-weather_mApp2.debug.xcconfig */ = {isa = PBXFileReference; includeInIndex = 1; lastKnownFileType = text.xcconfig; name = "Pods-weather_mApp2.debug.xcconfig"; path = "Target Support Files/Pods-weather_mApp2/Pods-weather_mApp2.debug.xcconfig"; sourceTree = "<group>"; };
		64902BF52493A99400EA7A0D /* weather_mApp2.app */ = {isa = PBXFileReference; explicitFileType = wrapper.application; includeInIndex = 0; path = weather_mApp2.app; sourceTree = BUILT_PRODUCTS_DIR; };
		64902BF82493A99400EA7A0D /* AppDelegate.swift */ = {isa = PBXFileReference; lastKnownFileType = sourcecode.swift; path = AppDelegate.swift; sourceTree = "<group>"; };
		64902BFA2493A99400EA7A0D /* SceneDelegate.swift */ = {isa = PBXFileReference; lastKnownFileType = sourcecode.swift; path = SceneDelegate.swift; sourceTree = "<group>"; };
		64902BFC2493A99400EA7A0D /* ViewController.swift */ = {isa = PBXFileReference; lastKnownFileType = sourcecode.swift; path = ViewController.swift; sourceTree = "<group>"; };
		64902BFF2493A99400EA7A0D /* Base */ = {isa = PBXFileReference; lastKnownFileType = file.storyboard; name = Base; path = Base.lproj/Main.storyboard; sourceTree = "<group>"; };
		64902C012493A99600EA7A0D /* Assets.xcassets */ = {isa = PBXFileReference; lastKnownFileType = folder.assetcatalog; path = Assets.xcassets; sourceTree = "<group>"; };
		64902C042493A99600EA7A0D /* Base */ = {isa = PBXFileReference; lastKnownFileType = file.storyboard; name = Base; path = Base.lproj/LaunchScreen.storyboard; sourceTree = "<group>"; };
		64902C062493A99600EA7A0D /* Info.plist */ = {isa = PBXFileReference; lastKnownFileType = text.plist.xml; path = Info.plist; sourceTree = "<group>"; };
		AF54E8B010B4A8827F224EE0 /* Pods-weather_mApp2.release.xcconfig */ = {isa = PBXFileReference; includeInIndex = 1; lastKnownFileType = text.xcconfig; name = "Pods-weather_mApp2.release.xcconfig"; path = "Target Support Files/Pods-weather_mApp2/Pods-weather_mApp2.release.xcconfig"; sourceTree = "<group>"; };
		CED0D81448C8EDA831C6AAD9 /* Pods_weather_mApp2.framework */ = {isa = PBXFileReference; explicitFileType = wrapper.framework; includeInIndex = 0; path = Pods_weather_mApp2.framework; sourceTree = BUILT_PRODUCTS_DIR; };
/* End PBXFileReference section */

/* Begin PBXFrameworksBuildPhase section */
		64902BF22493A99400EA7A0D /* Frameworks */ = {
			isa = PBXFrameworksBuildPhase;
			buildActionMask = 2147483647;
			files = (
				07554A194E749701FD9ACDE0 /* Pods_weather_mApp2.framework in Frameworks */,
			);
			runOnlyForDeploymentPostprocessing = 0;
		};
/* End PBXFrameworksBuildPhase section */

/* Begin PBXGroup section */
		16AACE5EC05AF2E8CFA52B4D /* Frameworks */ = {
			isa = PBXGroup;
			children = (
				CED0D81448C8EDA831C6AAD9 /* Pods_weather_mApp2.framework */,
			);
			name = Frameworks;
			sourceTree = "<group>";
		};
		4D2A3B92B115F4C0677E7DD4 /* Pods */ = {
			isa = PBXGroup;
			children = (
				16457A8325DA205468770D88 /* Pods-weather_mApp2.debug.xcconfig */,
				AF54E8B010B4A8827F224EE0 /* Pods-weather_mApp2.release.xcconfig */,
			);
			name = Pods;
			path = Pods;
			sourceTree = "<group>";
		};
		64902BEC2493A99400EA7A0D = {
			isa = PBXGroup;
			children = (
				64902BF72493A99400EA7A0D /* weather_mApp2 */,
				64902BF62493A99400EA7A0D /* Products */,
				4D2A3B92B115F4C0677E7DD4 /* Pods */,
				16AACE5EC05AF2E8CFA52B4D /* Frameworks */,
			);
			sourceTree = "<group>";
		};
		64902BF62493A99400EA7A0D /* Products */ = {
			isa = PBXGroup;
			children = (
				64902BF52493A99400EA7A0D /* weather_mApp2.app */,
			);
			name = Products;
			sourceTree = "<group>";
		};
		64902BF72493A99400EA7A0D /* weather_mApp2 */ = {
			isa = PBXGroup;
			children = (
				64902BF82493A99400EA7A0D /* AppDelegate.swift */,
				64902BFA2493A99400EA7A0D /* SceneDelegate.swift */,
				64902BFC2493A99400EA7A0D /* ViewController.swift */,
				64902BFE2493A99400EA7A0D /* Main.storyboard */,
				64902C012493A99600EA7A0D /* Assets.xcassets */,
				64902C032493A99600EA7A0D /* LaunchScreen.storyboard */,
				64902C062493A99600EA7A0D /* Info.plist */,
			);
			path = weather_mApp2;
			sourceTree = "<group>";
		};
/* End PBXGroup section */

/* Begin PBXNativeTarget section */
		64902BF42493A99400EA7A0D /* weather_mApp2 */ = {
			isa = PBXNativeTarget;
			buildConfigurationList = 64902C092493A99600EA7A0D /* Build configuration list for PBXNativeTarget "weather_mApp2" */;
			buildPhases = (
				484D4CEDAD95A07A063CAE36 /* [CP] Check Pods Manifest.lock */,
				64902BF12493A99400EA7A0D /* Sources */,
				64902BF22493A99400EA7A0D /* Frameworks */,
				64902BF32493A99400EA7A0D /* Resources */,
				703FB0A1A319BB0B84B5B90B /* [CP] Embed Pods Frameworks */,
			);
			buildRules = (
			);
			dependencies = (
			);
			name = weather_mApp2;
			productName = weather_mApp2;
			productReference = 64902BF52493A99400EA7A0D /* weather_mApp2.app */;
			productType = "com.apple.product-type.application";
		};
/* End PBXNativeTarget section */

/* Begin PBXProject section */
		64902BED2493A99400EA7A0D /* Project object */ = {
			isa = PBXProject;
			attributes = {
				LastSwiftUpdateCheck = 1130;
				LastUpgradeCheck = 1130;
				ORGANIZATIONNAME = COMP420;
				TargetAttributes = {
					64902BF42493A99400EA7A0D = {
						CreatedOnToolsVersion = 11.3.1;
					};
				};
			};
			buildConfigurationList = 64902BF02493A99400EA7A0D /* Build configuration list for PBXProject "weather_mApp2" */;
			compatibilityVersion = "Xcode 9.3";
			developmentRegion = en;
			hasScannedForEncodings = 0;
			knownRegions = (
				en,
				Base,
			);
			mainGroup = 64902BEC2493A99400EA7A0D;
			productRefGroup = 64902BF62493A99400EA7A0D /* Products */;
			projectDirPath = "";
			projectRoot = "";
			targets = (
				64902BF42493A99400EA7A0D /* weather_mApp2 */,
			);
		};
/* End PBXProject section */

/* Begin PBXResourcesBuildPhase section */
		64902BF32493A99400EA7A0D /* Resources */ = {
			isa = PBXResourcesBuildPhase;
			buildActionMask = 2147483647;
			files = (
				64902C052493A99600EA7A0D /* LaunchScreen.storyboard in Resources */,
				64902C022493A99600EA7A0D /* Assets.xcassets in Resources */,
				64902C002493A99400EA7A0D /* Main.storyboard in Resources */,
			);
			runOnlyForDeploymentPostprocessing = 0;
		};
/* End PBXResourcesBuildPhase section */

/* Begin PBXShellScriptBuildPhase section */
		484D4CEDAD95A07A063CAE36 /* [CP] Check Pods Manifest.lock */ = {
			isa = PBXShellScriptBuildPhase;
			buildActionMask = 2147483647;
			files = (
			);
			inputFileListPaths = (
			);
			inputPaths = (
				"${PODS_PODFILE_DIR_PATH}/Podfile.lock",
				"${PODS_ROOT}/Manifest.lock",
			);
			name = "[CP] Check Pods Manifest.lock";
			outputFileListPaths = (
			);
			outputPaths = (
				"$(DERIVED_FILE_DIR)/Pods-weather_mApp2-checkManifestLockResult.txt",
			);
			runOnlyForDeploymentPostprocessing = 0;
			shellPath = /bin/sh;
			shellScript = "diff \"${PODS_PODFILE_DIR_PATH}/Podfile.lock\" \"${PODS_ROOT}/Manifest.lock\" > /dev/null\nif [ $? != 0 ] ; then\n    # print error to STDERR\n    echo \"error: The sandbox is not in sync with the Podfile.lock. Run 'pod install' or update your CocoaPods installation.\" >&2\n    exit 1\nfi\n# This output is used by Xcode 'outputs' to avoid re-running this script phase.\necho \"SUCCESS\" > \"${SCRIPT_OUTPUT_FILE_0}\"\n";
			showEnvVarsInLog = 0;
		};
		703FB0A1A319BB0B84B5B90B /* [CP] Embed Pods Frameworks */ = {
			isa = PBXShellScriptBuildPhase;
			buildActionMask = 2147483647;
			files = (
			);
			inputFileListPaths = (
				"${PODS_ROOT}/Target Support Files/Pods-weather_mApp2/Pods-weather_mApp2-frameworks-${CONFIGURATION}-input-files.xcfilelist",
			);
			name = "[CP] Embed Pods Frameworks";
			outputFileListPaths = (
				"${PODS_ROOT}/Target Support Files/Pods-weather_mApp2/Pods-weather_mApp2-frameworks-${CONFIGURATION}-output-files.xcfilelist",
			);
			runOnlyForDeploymentPostprocessing = 0;
			shellPath = /bin/sh;
			shellScript = "\"${PODS_ROOT}/Target Support Files/Pods-weather_mApp2/Pods-weather_mApp2-frameworks.sh\"\n";
			showEnvVarsInLog = 0;
		};
/* End PBXShellScriptBuildPhase section */

/* Begin PBXSourcesBuildPhase section */
		64902BF12493A99400EA7A0D /* Sources */ = {
			isa = PBXSourcesBuildPhase;
			buildActionMask = 2147483647;
			files = (
				64902BFD2493A99400EA7A0D /* ViewController.swift in Sources */,
				64902BF92493A99400EA7A0D /* AppDelegate.swift in Sources */,
				64902BFB2493A99400EA7A0D /* SceneDelegate.swift in Sources */,
			);
			runOnlyForDeploymentPostprocessing = 0;
		};
/* End PBXSourcesBuildPhase section */

/* Begin PBXVariantGroup section */
		64902BFE2493A99400EA7A0D /* Main.storyboard */ = {
			isa = PBXVariantGroup;
			children = (
				64902BFF2493A99400EA7A0D /* Base */,
			);
			name = Main.storyboard;
			sourceTree = "<group>";
		};
		64902C032493A99600EA7A0D /* LaunchScreen.storyboard */ = {
			isa = PBXVariantGroup;
			children = (
				64902C042493A99600EA7A0D /* Base */,
			);
			name = LaunchScreen.storyboard;
			sourceTree = "<group>";
		};
/* End PBXVariantGroup section */

/* Begin XCBuildConfiguration section */
		64902C072493A99600EA7A0D /* Debug */ = {
			isa = XCBuildConfiguration;
			buildSettings = {
				ALWAYS_SEARCH_USER_PATHS = NO;
				CLANG_ANALYZER_NONNULL = YES;
				CLANG_ANALYZER_NUMBER_OBJECT_CONVERSION = YES_AGGRESSIVE;
				CLANG_CXX_LANGUAGE_STANDARD = "gnu++14";
				CLANG_CXX_LIBRARY = "libc++";
				CLANG_ENABLE_MODULES = YES;
				CLANG_ENABLE_OBJC_ARC = YES;
				CLANG_ENABLE_OBJC_WEAK = YES;
				CLANG_WARN_BLOCK_CAPTURE_AUTORELEASING = YES;
				CLANG_WARN_BOOL_CONVERSION = YES;
				CLANG_WARN_COMMA = YES;
				CLANG_WARN_CONSTANT_CONVERSION = YES;
				CLANG_WARN_DEPRECATED_OBJC_IMPLEMENTATIONS = YES;
				CLANG_WARN_DIRECT_OBJC_ISA_USAGE = YES_ERROR;
				CLANG_WARN_DOCUMENTATION_COMMENTS = YES;
				CLANG_WARN_EMPTY_BODY = YES;
				CLANG_WARN_ENUM_CONVERSION = YES;
				CLANG_WARN_INFINITE_RECURSION = YES;
				CLANG_WARN_INT_CONVERSION = YES;
				CLANG_WARN_NON_LITERAL_NULL_CONVERSION = YES;
				CLANG_WARN_OBJC_IMPLICIT_RETAIN_SELF = YES;
				CLANG_WARN_OBJC_LITERAL_CONVERSION = YES;
				CLANG_WARN_OBJC_ROOT_CLASS = YES_ERROR;
				CLANG_WARN_RANGE_LOOP_ANALYSIS = YES;
				CLANG_WARN_STRICT_PROTOTYPES = YES;
				CLANG_WARN_SUSPICIOUS_MOVE = YES;
				CLANG_WARN_UNGUARDED_AVAILABILITY = YES_AGGRESSIVE;
				CLANG_WARN_UNREACHABLE_CODE = YES;
				CLANG_WARN__DUPLICATE_METHOD_MATCH = YES;
				COPY_PHASE_STRIP = NO;
				DEBUG_INFORMATION_FORMAT = dwarf;
				ENABLE_STRICT_OBJC_MSGSEND = YES;
				ENABLE_TESTABILITY = YES;
				GCC_C_LANGUAGE_STANDARD = gnu11;
				GCC_DYNAMIC_NO_PIC = NO;
				GCC_NO_COMMON_BLOCKS = YES;
				GCC_OPTIMIZATION_LEVEL = 0;
				GCC_PREPROCESSOR_DEFINITIONS = (
					"DEBUG=1",
					"$(inherited)",
				);
				GCC_WARN_64_TO_32_BIT_CONVERSION = YES;
				GCC_WARN_ABOUT_RETURN_TYPE = YES_ERROR;
				GCC_WARN_UNDECLARED_SELECTOR = YES;
				GCC_WARN_UNINITIALIZED_AUTOS = YES_AGGRESSIVE;
				GCC_WARN_UNUSED_FUNCTION = YES;
				GCC_WARN_UNUSED_VARIABLE = YES;
				IPHONEOS_DEPLOYMENT_TARGET = 13.2;
				MTL_ENABLE_DEBUG_INFO = INCLUDE_SOURCE;
				MTL_FAST_MATH = YES;
				ONLY_ACTIVE_ARCH = YES;
				SDKROOT = iphoneos;
				SWIFT_ACTIVE_COMPILATION_CONDITIONS = DEBUG;
				SWIFT_OPTIMIZATION_LEVEL = "-Onone";
			};
			name = Debug;
		};
		64902C082493A99600EA7A0D /* Release */ = {
			isa = XCBuildConfiguration;
			buildSettings = {
				ALWAYS_SEARCH_USER_PATHS = NO;
				CLANG_ANALYZER_NONNULL = YES;
				CLANG_ANALYZER_NUMBER_OBJECT_CONVERSION = YES_AGGRESSIVE;
				CLANG_CXX_LANGUAGE_STANDARD = "gnu++14";
				CLANG_CXX_LIBRARY = "libc++";
				CLANG_ENABLE_MODULES = YES;
				CLANG_ENABLE_OBJC_ARC = YES;
				CLANG_ENABLE_OBJC_WEAK = YES;
				CLANG_WARN_BLOCK_CAPTURE_AUTORELEASING = YES;
				CLANG_WARN_BOOL_CONVERSION = YES;
				CLANG_WARN_COMMA = YES;
				CLANG_WARN_CONSTANT_CONVERSION = YES;
				CLANG_WARN_DEPRECATED_OBJC_IMPLEMENTATIONS = YES;
				CLANG_WARN_DIRECT_OBJC_ISA_USAGE = YES_ERROR;
				CLANG_WARN_DOCUMENTATION_COMMENTS = YES;
				CLANG_WARN_EMPTY_BODY = YES;
				CLANG_WARN_ENUM_CONVERSION = YES;
				CLANG_WARN_INFINITE_RECURSION = YES;
				CLANG_WARN_INT_CONVERSION = YES;
				CLANG_WARN_NON_LITERAL_NULL_CONVERSION = YES;
				CLANG_WARN_OBJC_IMPLICIT_RETAIN_SELF = YES;
				CLANG_WARN_OBJC_LITERAL_CONVERSION = YES;
				CLANG_WARN_OBJC_ROOT_CLASS = YES_ERROR;
				CLANG_WARN_RANGE_LOOP_ANALYSIS = YES;
				CLANG_WARN_STRICT_PROTOTYPES = YES;
				CLANG_WARN_SUSPICIOUS_MOVE = YES;
				CLANG_WARN_UNGUARDED_AVAILABILITY = YES_AGGRESSIVE;
				CLANG_WARN_UNREACHABLE_CODE = YES;
				CLANG_WARN__DUPLICATE_METHOD_MATCH = YES;
				COPY_PHASE_STRIP = NO;
				DEBUG_INFORMATION_FORMAT = "dwarf-with-dsym";
				ENABLE_NS_ASSERTIONS = NO;
				ENABLE_STRICT_OBJC_MSGSEND = YES;
				GCC_C_LANGUAGE_STANDARD = gnu11;
				GCC_NO_COMMON_BLOCKS = YES;
				GCC_WARN_64_TO_32_BIT_CONVERSION = YES;
				GCC_WARN_ABOUT_RETURN_TYPE = YES_ERROR;
				GCC_WARN_UNDECLARED_SELECTOR = YES;
				GCC_WARN_UNINITIALIZED_AUTOS = YES_AGGRESSIVE;
				GCC_WARN_UNUSED_FUNCTION = YES;
				GCC_WARN_UNUSED_VARIABLE = YES;
				IPHONEOS_DEPLOYMENT_TARGET = 13.2;
				MTL_ENABLE_DEBUG_INFO = NO;
				MTL_FAST_MATH = YES;
				SDKROOT = iphoneos;
				SWIFT_COMPILATION_MODE = wholemodule;
				SWIFT_OPTIMIZATION_LEVEL = "-O";
				VALIDATE_PRODUCT = YES;
			};
			name = Release;
		};
		64902C0A2493A99600EA7A0D /* Debug */ = {
			isa = XCBuildConfiguration;
			baseConfigurationReference = 16457A8325DA205468770D88 /* Pods-weather_mApp2.debug.xcconfig */;
			buildSettings = {
				ASSETCATALOG_COMPILER_APPICON_NAME = AppIcon;
				CODE_SIGN_STYLE = Automatic;
				INFOPLIST_FILE = weather_mApp2/Info.plist;
				LD_RUNPATH_SEARCH_PATHS = (
					"$(inherited)",
					"@executable_path/Frameworks",
				);
				PRODUCT_BUNDLE_IDENTIFIER = "kr.ac.knu.comp420.chanhui.weather-mApp2";
				PRODUCT_NAME = "$(TARGET_NAME)";
				SWIFT_VERSION = 5.0;
				TARGETED_DEVICE_FAMILY = "1,2";
			};
			name = Debug;
		};
		64902C0B2493A99600EA7A0D /* Release */ = {
			isa = XCBuildConfiguration;
			baseConfigurationReference = AF54E8B010B4A8827F224EE0 /* Pods-weather_mApp2.release.xcconfig */;
			buildSettings = {
				ASSETCATALOG_COMPILER_APPICON_NAME = AppIcon;
				CODE_SIGN_STYLE = Automatic;
				INFOPLIST_FILE = weather_mApp2/Info.plist;
				LD_RUNPATH_SEARCH_PATHS = (
					"$(inherited)",
					"@executable_path/Frameworks",
				);
				PRODUCT_BUNDLE_IDENTIFIER = "kr.ac.knu.comp420.chanhui.weather-mApp2";
				PRODUCT_NAME = "$(TARGET_NAME)";
				SWIFT_VERSION = 5.0;
				TARGETED_DEVICE_FAMILY = "1,2";
			};
			name = Release;
		};
/* End XCBuildConfiguration section */

/* Begin XCConfigurationList section */
		64902BF02493A99400EA7A0D /* Build configuration list for PBXProject "weather_mApp2" */ = {
			isa = XCConfigurationList;
			buildConfigurations = (
				64902C072493A99600EA7A0D /* Debug */,
				64902C082493A99600EA7A0D /* Release */,
			);
			defaultConfigurationIsVisible = 0;
			defaultConfigurationName = Release;
		};
		64902C092493A99600EA7A0D /* Build configuration list for PBXNativeTarget "weather_mApp2" */ = {
			isa = XCConfigurationList;
			buildConfigurations = (
				64902C0A2493A99600EA7A0D /* Debug */,
				64902C0B2493A99600EA7A0D /* Release */,
			);
			defaultConfigurationIsVisible = 0;
			defaultConfigurationName = Release;
		};
/* End XCConfigurationList section */
	};
	rootObject = 64902BED2493A99400EA7A0D /* Project object */;
}
